// !$*UTF8*$!
{
	archiveVersion = 1;
	classes = {
	};
	objectVersion = 56;
	objects = {

/* Begin PBXBuildFile section */
		010000000000000000000001 /* App.swift in Sources */ = {isa = PBXBuildFile; fileRef = 020000000000000000000001 /* App.swift */; };
		010000000000000000000002 /* HIDTransport.swift in Sources */ = {isa = PBXBuildFile; fileRef = 020000000000000000000002 /* HIDTransport.swift */; };
		010000000000000000000003 /* PermissionGuide.swift in Sources */ = {isa = PBXBuildFile; fileRef = 020000000000000000000003 /* PermissionGuide.swift */; };
		010000000000000000000004 /* RazerIcon.swift in Sources */ = {isa = PBXBuildFile; fileRef = 020000000000000000000004 /* RazerIcon.swift */; };
		010000000000000000000005 /* RazerMonitor.swift in Sources */ = {isa = PBXBuildFile; fileRef = 020000000000000000000005 /* RazerMonitor.swift */; };
		010000000000000000000006 /* RazerProtocol.swift in Sources */ = {isa = PBXBuildFile; fileRef = 020000000000000000000006 /* RazerProtocol.swift */; };
		010000000000000000000007 /* AppIcon.icon in Resources */ = {isa = PBXBuildFile; fileRef = 020000000000000000000007 /* AppIcon.icon */; };
		010000000000000000000008 /* StatusIcon.png in Resources */ = {isa = PBXBuildFile; fileRef = 020000000000000000000008 /* StatusIcon.png */; };
		010000000000000000000009 /* RazerProtocolTests.swift in Sources */ = {isa = PBXBuildFile; fileRef = 020000000000000000000009 /* RazerProtocolTests.swift */; };
		01000000000000000000000A /* XCTest.framework in Frameworks */ = {isa = PBXBuildFile; fileRef = 02000000000000000000000D /* XCTest.framework */; };
		01000000000000000000000B /* DeviceCatalog.swift in Sources */ = {isa = PBXBuildFile; fileRef = 02000000000000000000000F /* DeviceCatalog.swift */; };
		01000000000000000000000C /* BatteryProtocol.swift in Sources */ = {isa = PBXBuildFile; fileRef = 020000000000000000000010 /* BatteryProtocol.swift */; };
		01000000000000000000000D /* DeviceCatalog.json in Resources */ = {isa = PBXBuildFile; fileRef = 020000000000000000000011 /* DeviceCatalog.json */; };
		01000000000000000000000E /* HIDDeviceRegistry.swift in Sources */ = {isa = PBXBuildFile; fileRef = 020000000000000000000012 /* HIDDeviceRegistry.swift */; };
		01000000000000000000000F /* Localization.swift in Sources */ = {isa = PBXBuildFile; fileRef = 020000000000000000000013 /* Localization.swift */; };
		010000000000000000000010 /* Localizable.xcstrings in Resources */ = {isa = PBXBuildFile; fileRef = 020000000000000000000014 /* Localizable.xcstrings */; };
/* End PBXBuildFile section */

/* Begin PBXContainerItemProxy section */
		030000000000000000000001 /* PBXContainerItemProxy */ = {
			isa = PBXContainerItemProxy;
			containerPortal = 080000000000000000000001 /* Project object */;
			proxyType = 1;
			remoteGlobalIDString = 090000000000000000000001;
			remoteInfo = RazerMon;
		};
/* End PBXContainerItemProxy section */

/* Begin PBXFileReference section */
		020000000000000000000001 /* App.swift */ = {isa = PBXFileReference; lastKnownFileType = sourcecode.swift; path = App.swift; sourceTree = "<group>"; };
		020000000000000000000002 /* HIDTransport.swift */ = {isa = PBXFileReference; lastKnownFileType = sourcecode.swift; path = HIDTransport.swift; sourceTree = "<group>"; };
		020000000000000000000003 /* PermissionGuide.swift */ = {isa = PBXFileReference; lastKnownFileType = sourcecode.swift; path = PermissionGuide.swift; sourceTree = "<group>"; };
		020000000000000000000004 /* RazerIcon.swift */ = {isa = PBXFileReference; lastKnownFileType = sourcecode.swift; path = RazerIcon.swift; sourceTree = "<group>"; };
		020000000000000000000005 /* RazerMonitor.swift */ = {isa = PBXFileReference; lastKnownFileType = sourcecode.swift; path = RazerMonitor.swift; sourceTree = "<group>"; };
		020000000000000000000006 /* RazerProtocol.swift */ = {isa = PBXFileReference; lastKnownFileType = sourcecode.swift; path = RazerProtocol.swift; sourceTree = "<group>"; };
		020000000000000000000007 /* AppIcon.icon */ = {isa = PBXFileReference; lastKnownFileType = folder.iconcomposer.icon; path = AppIcon.icon; sourceTree = "<group>"; };
		020000000000000000000008 /* StatusIcon.png */ = {isa = PBXFileReference; lastKnownFileType = image.png; path = StatusIcon.png; sourceTree = "<group>"; };
		020000000000000000000009 /* RazerProtocolTests.swift */ = {isa = PBXFileReference; lastKnownFileType = sourcecode.swift; path = RazerProtocolTests.swift; sourceTree = "<group>"; };
		02000000000000000000000A /* Info.plist */ = {isa = PBXFileReference; lastKnownFileType = text.plist.xml; path = Info.plist; sourceTree = "<group>"; };
		02000000000000000000000B /* RazerMon.entitlements */ = {isa = PBXFileReference; lastKnownFileType = text.plist.entitlements; path = RazerMon.entitlements; sourceTree = "<group>"; };
		02000000000000000000000C /* RazerMon.app */ = {isa = PBXFileReference; explicitFileType = wrapper.application; includeInIndex = 0; path = RazerMon.app; sourceTree = BUILT_PRODUCTS_DIR; };
		02000000000000000000000D /* XCTest.framework */ = {isa = PBXFileReference; lastKnownFileType = wrapper.framework; name = XCTest.framework; path = System/Library/Frameworks/XCTest.framework; sourceTree = SDKROOT; };
		02000000000000000000000E /* RazerMonTests.xctest */ = {isa = PBXFileReference; explicitFileType = wrapper.cfbundle; includeInIndex = 0; path = RazerMonTests.xctest; sourceTree = BUILT_PRODUCTS_DIR; };
		02000000000000000000000F /* DeviceCatalog.swift */ = {isa = PBXFileReference; lastKnownFileType = sourcecode.swift; path = DeviceCatalog.swift; sourceTree = "<group>"; };
		020000000000000000000010 /* BatteryProtocol.swift */ = {isa = PBXFileReference; lastKnownFileType = sourcecode.swift; path = BatteryProtocol.swift; sourceTree = "<group>"; };
		020000000000000000000011 /* DeviceCatalog.json */ = {isa = PBXFileReference; lastKnownFileType = text.json; path = DeviceCatalog.json; sourceTree = "<group>"; };
		020000000000000000000012 /* HIDDeviceRegistry.swift */ = {isa = PBXFileReference; lastKnownFileType = sourcecode.swift; path = HIDDeviceRegistry.swift; sourceTree = "<group>"; };
		020000000000000000000013 /* Localization.swift */ = {isa = PBXFileReference; lastKnownFileType = sourcecode.swift; path = Localization.swift; sourceTree = "<group>"; };
		020000000000000000000014 /* Localizable.xcstrings */ = {isa = PBXFileReference; lastKnownFileType = text.json.xcstrings; path = Localizable.xcstrings; sourceTree = "<group>"; };
/* End PBXFileReference section */

/* Begin PBXFrameworksBuildPhase section */
		040000000000000000000001 /* Frameworks */ = {
			isa = PBXFrameworksBuildPhase;
			buildActionMask = 2147483647;
			files = (
			);
			runOnlyForDeploymentPostprocessing = 0;
		};
		040000000000000000000002 /* Frameworks */ = {
			isa = PBXFrameworksBuildPhase;
			buildActionMask = 2147483647;
			files = (
				01000000000000000000000A /* XCTest.framework in Frameworks */,
			);
			runOnlyForDeploymentPostprocessing = 0;
		};
/* End PBXFrameworksBuildPhase section */

/* Begin PBXGroup section */
		050000000000000000000001 = {
			isa = PBXGroup;
			children = (
				050000000000000000000002 /* Sources */,
				050000000000000000000004 /* Resources */,
				050000000000000000000005 /* Tests */,
				050000000000000000000006 /* Frameworks */,
				050000000000000000000007 /* Products */,
			);
			sourceTree = "<group>";
		};
		050000000000000000000002 /* Sources */ = {
			isa = PBXGroup;
			children = (
				050000000000000000000003 /* RazerMon */,
			);
			path = Sources;
			sourceTree = "<group>";
		};
		050000000000000000000003 /* RazerMon */ = {
			isa = PBXGroup;
			children = (
				020000000000000000000001 /* App.swift */,
				020000000000000000000010 /* BatteryProtocol.swift */,
				02000000000000000000000F /* DeviceCatalog.swift */,
				020000000000000000000012 /* HIDDeviceRegistry.swift */,
				020000000000000000000013 /* Localization.swift */,
				020000000000000000000002 /* HIDTransport.swift */,
				020000000000000000000003 /* PermissionGuide.swift */,
				020000000000000000000004 /* RazerIcon.swift */,
				020000000000000000000005 /* RazerMonitor.swift */,
				020000000000000000000006 /* RazerProtocol.swift */,
			);
			path = RazerMon;
			sourceTree = "<group>";
		};
		050000000000000000000004 /* Resources */ = {
			isa = PBXGroup;
			children = (
				020000000000000000000007 /* AppIcon.icon */,
				020000000000000000000011 /* DeviceCatalog.json */,
				020000000000000000000008 /* StatusIcon.png */,
				02000000000000000000000A /* Info.plist */,
				02000000000000000000000B /* RazerMon.entitlements */,
				020000000000000000000014 /* Localizable.xcstrings */,
			);
			path = Resources;
			sourceTree = "<group>";
		};
		050000000000000000000005 /* Tests */ = {
			isa = PBXGroup;
			children = (
				020000000000000000000009 /* RazerProtocolTests.swift */,
			);
			path = Tests/RazerMonTests;
			sourceTree = "<group>";
		};
		050000000000000000000006 /* Frameworks */ = {
			isa = PBXGroup;
			children = (
				02000000000000000000000D /* XCTest.framework */,
			);
			name = Frameworks;
			sourceTree = "<group>";
		};
		050000000000000000000007 /* Products */ = {
			isa = PBXGroup;
			children = (
				02000000000000000000000C /* RazerMon.app */,
				02000000000000000000000E /* RazerMonTests.xctest */,
			);
			name = Products;
			sourceTree = "<group>";
		};
/* End PBXGroup section */

/* Begin PBXNativeTarget section */
		090000000000000000000001 /* RazerMon */ = {
			isa = PBXNativeTarget;
			buildConfigurationList = 0A0000000000000000000001 /* Build configuration list for PBXNativeTarget "RazerMon" */;
			buildPhases = (
				0B0000000000000000000001 /* Sources */,
				040000000000000000000001 /* Frameworks */,
				0C0000000000000000000001 /* Resources */,
			);
			buildRules = (
			);
			dependencies = (
			);
			name = RazerMon;
			productName = RazerMon;
			productReference = 02000000000000000000000C /* RazerMon.app */;
			productType = "com.apple.product-type.application";
		};
		090000000000000000000002 /* RazerMonTests */ = {
			isa = PBXNativeTarget;
			buildConfigurationList = 0A0000000000000000000002 /* Build configuration list for PBXNativeTarget "RazerMonTests" */;
			buildPhases = (
				0B0000000000000000000002 /* Sources */,
				040000000000000000000002 /* Frameworks */,
				0C0000000000000000000002 /* Resources */,
			);
			buildRules = (
			);
			dependencies = (
				0D0000000000000000000001 /* PBXTargetDependency */,
			);
			name = RazerMonTests;
			productName = RazerMonTests;
			productReference = 02000000000000000000000E /* RazerMonTests.xctest */;
			productType = "com.apple.product-type.bundle.unit-test";
		};
/* End PBXNativeTarget section */

/* Begin PBXProject section */
		080000000000000000000001 /* Project object */ = {
			isa = PBXProject;
			attributes = {
				BuildIndependentTargetsInParallel = 1;
				LastSwiftUpdateCheck = 2630;
				LastUpgradeCheck = 2630;
				TargetAttributes = {
					090000000000000000000001 = {
						CreatedOnToolsVersion = 26.3;
					};
					090000000000000000000002 = {
						CreatedOnToolsVersion = 26.3;
						TestTargetID = 090000000000000000000001;
					};
				};
			};
			buildConfigurationList = 0A0000000000000000000003 /* Build configuration list for PBXProject "RazerMon" */;
			compatibilityVersion = "Xcode 14.0";
			developmentRegion = en;
			hasScannedForEncodings = 0;
			knownRegions = (
				de,
				en,
				es,
				fr,
				it,
				ja,
				ko,
				"pt-BR",
				ru,
				zh-Hans,
				zh-Hant,
				Base,
			);
			mainGroup = 050000000000000000000001;
			productRefGroup = 050000000000000000000007 /* Products */;
			projectDirPath = "";
			projectRoot = "";
			targets = (
				090000000000000000000001 /* RazerMon */,
				090000000000000000000002 /* RazerMonTests */,
			);
		};
/* End PBXProject section */

/* Begin PBXResourcesBuildPhase section */
		0C0000000000000000000001 /* Resources */ = {
			isa = PBXResourcesBuildPhase;
			buildActionMask = 2147483647;
			files = (
				010000000000000000000007 /* AppIcon.icon in Resources */,
				01000000000000000000000D /* DeviceCatalog.json in Resources */,
				010000000000000000000010 /* Localizable.xcstrings in Resources */,
				010000000000000000000008 /* StatusIcon.png in Resources */,
			);
			runOnlyForDeploymentPostprocessing = 0;
		};
		0C0000000000000000000002 /* Resources */ = {
			isa = PBXResourcesBuildPhase;
			buildActionMask = 2147483647;
			files = (
			);
			runOnlyForDeploymentPostprocessing = 0;
		};
/* End PBXResourcesBuildPhase section */

/* Begin PBXSourcesBuildPhase section */
		0B0000000000000000000001 /* Sources */ = {
			isa = PBXSourcesBuildPhase;
			buildActionMask = 2147483647;
			files = (
				010000000000000000000001 /* App.swift in Sources */,
				01000000000000000000000C /* BatteryProtocol.swift in Sources */,
				01000000000000000000000B /* DeviceCatalog.swift in Sources */,
				01000000000000000000000E /* HIDDeviceRegistry.swift in Sources */,
				01000000000000000000000F /* Localization.swift in Sources */,
				010000000000000000000002 /* HIDTransport.swift in Sources */,
				010000000000000000000003 /* PermissionGuide.swift in Sources */,
				010000000000000000000004 /* RazerIcon.swift in Sources */,
				010000000000000000000005 /* RazerMonitor.swift in Sources */,
				010000000000000000000006 /* RazerProtocol.swift in Sources */,
			);
			runOnlyForDeploymentPostprocessing = 0;
		};
		0B0000000000000000000002 /* Sources */ = {
			isa = PBXSourcesBuildPhase;
			buildActionMask = 2147483647;
			files = (
				010000000000000000000009 /* RazerProtocolTests.swift in Sources */,
			);
			runOnlyForDeploymentPostprocessing = 0;
		};
/* End PBXSourcesBuildPhase section */

/* Begin PBXTargetDependency section */
		0D0000000000000000000001 /* PBXTargetDependency */ = {
			isa = PBXTargetDependency;
			target = 090000000000000000000001 /* RazerMon */;
			targetProxy = 030000000000000000000001 /* PBXContainerItemProxy */;
		};
/* End PBXTargetDependency section */

/* Begin XCBuildConfiguration section */
		0E0000000000000000000001 /* Debug */ = {
			isa = XCBuildConfiguration;
			buildSettings = {
				ASSETCATALOG_COMPILER_APPICON_NAME = AppIcon;
				CODE_SIGN_ENTITLEMENTS = Resources/RazerMon.entitlements;
				CODE_SIGN_IDENTITY = "-";
				CODE_SIGN_STYLE = Automatic;
				COMBINE_HIDPI_IMAGES = YES;
				ENABLE_HARDENED_RUNTIME = YES;
				ENABLE_TESTABILITY = YES;
				ENABLE_USER_SCRIPT_SANDBOXING = YES;
				INFOPLIST_FILE = Resources/Info.plist;
				LD_RUNPATH_SEARCH_PATHS = (
					"$(inherited)",
					"@executable_path/../Frameworks",
				);
				MACOSX_DEPLOYMENT_TARGET = 13.0;
				PRODUCT_BUNDLE_IDENTIFIER = io.github.ab4317.razermon;
				PRODUCT_NAME = "$(TARGET_NAME)";
				SWIFT_ACTIVE_COMPILATION_CONDITIONS = "DEBUG $(inherited)";
				SWIFT_VERSION = 5.0;
			};
			name = Debug;
		};
		0E0000000000000000000002 /* Release */ = {
			isa = XCBuildConfiguration;
			buildSettings = {
				ASSETCATALOG_COMPILER_APPICON_NAME = AppIcon;
				CODE_SIGN_ENTITLEMENTS = Resources/RazerMon.entitlements;
				CODE_SIGN_IDENTITY = "-";
				CODE_SIGN_STYLE = Automatic;
				COMBINE_HIDPI_IMAGES = YES;
				ENABLE_HARDENED_RUNTIME = YES;
				ENABLE_USER_SCRIPT_SANDBOXING = YES;
				INFOPLIST_FILE = Resources/Info.plist;
				LD_RUNPATH_SEARCH_PATHS = (
					"$(inherited)",
					"@executable_path/../Frameworks",
				);
				MACOSX_DEPLOYMENT_TARGET = 13.0;
				PRODUCT_BUNDLE_IDENTIFIER = io.github.ab4317.razermon;
				PRODUCT_NAME = "$(TARGET_NAME)";
				SWIFT_COMPILATION_MODE = wholemodule;
				SWIFT_VERSION = 5.0;
			};
			name = Release;
		};
		0E0000000000000000000003 /* Debug */ = {
			isa = XCBuildConfiguration;
			buildSettings = {
				BUNDLE_LOADER = "$(TEST_HOST)";
				CODE_SIGN_IDENTITY = "-";
				CODE_SIGN_STYLE = Automatic;
				GENERATE_INFOPLIST_FILE = YES;
				MACOSX_DEPLOYMENT_TARGET = 13.0;
				PRODUCT_BUNDLE_IDENTIFIER = io.github.ab4317.razermon.tests;
				PRODUCT_NAME = "$(TARGET_NAME)";
				SWIFT_VERSION = 5.0;
				TEST_HOST = "$(BUILT_PRODUCTS_DIR)/RazerMon.app/Contents/MacOS/RazerMon";
			};
			name = Debug;
		};
		0E0000000000000000000004 /* Release */ = {
			isa = XCBuildConfiguration;
			buildSettings = {
				BUNDLE_LOADER = "$(TEST_HOST)";
				CODE_SIGN_IDENTITY = "-";
				CODE_SIGN_STYLE = Automatic;
				GENERATE_INFOPLIST_FILE = YES;
				MACOSX_DEPLOYMENT_TARGET = 13.0;
				PRODUCT_BUNDLE_IDENTIFIER = io.github.ab4317.razermon.tests;
				PRODUCT_NAME = "$(TARGET_NAME)";
				SWIFT_VERSION = 5.0;
				TEST_HOST = "$(BUILT_PRODUCTS_DIR)/RazerMon.app/Contents/MacOS/RazerMon";
			};
			name = Release;
		};
		0E0000000000000000000005 /* Debug */ = {
			isa = XCBuildConfiguration;
			buildSettings = {
				ALWAYS_SEARCH_USER_PATHS = NO;
				CLANG_ENABLE_MODULES = YES;
				CLANG_ENABLE_OBJC_ARC = YES;
				COPY_PHASE_STRIP = NO;
				DEBUG_INFORMATION_FORMAT = dwarf;
				ENABLE_STRICT_OBJC_MSGSEND = YES;
				GCC_C_LANGUAGE_STANDARD = gnu17;
				MACOSX_DEPLOYMENT_TARGET = 13.0;
				ONLY_ACTIVE_ARCH = YES;
				SDKROOT = macosx;
				SWIFT_OPTIMIZATION_LEVEL = "-Onone";
			};
			name = Debug;
		};
		0E0000000000000000000006 /* Release */ = {
			isa = XCBuildConfiguration;
			buildSettings = {
				ALWAYS_SEARCH_USER_PATHS = NO;
				CLANG_ENABLE_MODULES = YES;
				CLANG_ENABLE_OBJC_ARC = YES;
				COPY_PHASE_STRIP = YES;
				DEBUG_INFORMATION_FORMAT = "dwarf-with-dsym";
				ENABLE_NS_ASSERTIONS = NO;
				ENABLE_STRICT_OBJC_MSGSEND = YES;
				GCC_C_LANGUAGE_STANDARD = gnu17;
				MACOSX_DEPLOYMENT_TARGET = 13.0;
				SDKROOT = macosx;
				SWIFT_COMPILATION_MODE = wholemodule;
				VALIDATE_PRODUCT = YES;
			};
			name = Release;
		};
/* End XCBuildConfiguration section */

/* Begin XCConfigurationList section */
		0A0000000000000000000001 /* Build configuration list for PBXNativeTarget "RazerMon" */ = {
			isa = XCConfigurationList;
			buildConfigurations = (
				0E0000000000000000000001 /* Debug */,
				0E0000000000000000000002 /* Release */,
			);
			defaultConfigurationIsVisible = 0;
			defaultConfigurationName = Release;
		};
		0A0000000000000000000002 /* Build configuration list for PBXNativeTarget "RazerMonTests" */ = {
			isa = XCConfigurationList;
			buildConfigurations = (
				0E0000000000000000000003 /* Debug */,
				0E0000000000000000000004 /* Release */,
			);
			defaultConfigurationIsVisible = 0;
			defaultConfigurationName = Release;
		};
		0A0000000000000000000003 /* Build configuration list for PBXProject "RazerMon" */ = {
			isa = XCConfigurationList;
			buildConfigurations = (
				0E0000000000000000000005 /* Debug */,
				0E0000000000000000000006 /* Release */,
			);
			defaultConfigurationIsVisible = 0;
			defaultConfigurationName = Release;
		};
/* End XCConfigurationList section */
	};
	rootObject = 080000000000000000000001 /* Project object */;
}
